%{
  "axon": {:hex, :axon, "0.2.0", "5b094a4efb26792cfa9d4ec086ad4a710050d5e0000e8f40db81dd8fba4d0c5e", [:mix], [{:nx, "~> 0.3.0", [hex: :nx, repo: "hexpm", optional: false]}, {:table_rex, "~> 3.1.1", [hex: :table_rex, repo: "hexpm", optional: false]}], "hexpm", "215e595fe2d68f2c65a52be92ae2e77133300e2c7cba25cf8624fd2af9dd783e"},
  "complex": {:hex, :complex, "0.4.3", "84db4aad241099a8785446ac6eacf498bf3a60634a0e45c7745d875714ddbf98", [:mix], [], "hexpm", "2ceda96ebddcc22697974f1a2666d4cc5dfdd34f8cd8c4f9dced037bcb41eeb5"},
  "deque": {:hex, :deque, "1.2.0", "30404b86264be3eeb4e8331d88ef67d0fdc77e006b2fa7872be03923a47245b7", [:mix], [], "hexpm", "cbc965c2c04654fee7ed875bf5efb5c925e1c98b0351bf1cca10670a024fbd5a"},
  "elixir_make": {:hex, :elixir_make, "0.7.3", "c37fdae1b52d2cc51069713a58c2314877c1ad40800a57efb213f77b078a460d", [:mix], [{:castore, "~> 0.1", [hex: :castore, repo: "hexpm", optional: true]}], "hexpm", "24ada3e3996adbed1fa024ca14995ef2ba3d0d17b678b0f3f2b1f66e6ce2b274"},
  "exla": {:hex, :exla, "0.3.0", "7f282768bdd7ee47bf784fd47750a5c4a75374ae50a54ceb71edd02406e15026", [:make, :mix], [{:elixir_make, "~> 0.6", [hex: :elixir_make, repo: "hexpm", optional: false]}, {:nx, "~> 0.3.0", [hex: :nx, repo: "hexpm", optional: false]}, {:xla, "~> 0.3.0", [hex: :xla, repo: "hexpm", optional: false]}], "hexpm", "0479ee3652795f5b14bd85f031184d0b7a66b91efa6f5a41bde9e292da17b1e8"},
  "nx": {:hex, :nx, "0.3.0", "12448769619ed1442e22bd198faf4629ae3d0ee3ed565e42be49829cc42bf35f", [:mix], [{:complex, "~> 0.4.2", [hex: :complex, repo: "hexpm", optional: false]}], "hexpm", "d08d8962f4379ade54281aad84c45cb7eb0118b406fc836f07b94acc40df5859"},
  "table_rex": {:hex, :table_rex, "3.1.1", "0c67164d1714b5e806d5067c1e96ff098ba7ae79413cc075973e17c38a587caa", [:mix], [], "hexpm", "678a23aba4d670419c23c17790f9dcd635a4a89022040df7d5d772cb21012490"},
  "xla": {:hex, :xla, "0.3.0", "7f40d3d799447bd745e6e61985c922821e355eca37c25754bac299d11f137f2e", [:make, :mix], [{:elixir_make, "~> 0.4", [hex: :elixir_make, repo: "hexpm", optional: false]}], "hexpm", "0de304f5624ea2f2ae1afdcbd72d33855364be36fed2cc5de8d6d2ec8950926e"},
}
